// !$*UTF8*$!
{
	archiveVersion = 1;
	classes = {
	};
	objectVersion = 50;
	objects = {

/* Begin PBXBuildFile section */
		038923D0215539BD0090A698 /* ShefudaTests.swift in Sources */ = {isa = PBXBuildFile; fileRef = 038923CF215539BD0090A698 /* ShefudaTests.swift */; };
		03BA21BC21144AC3006B6B67 /* AppDelegate.swift in Sources */ = {isa = PBXBuildFile; fileRef = 03BA21BB21144AC3006B6B67 /* AppDelegate.swift */; };
		03BA21BE21144AC3006B6B67 /* ViewController.swift in Sources */ = {isa = PBXBuildFile; fileRef = 03BA21BD21144AC3006B6B67 /* ViewController.swift */; };
		03BA21C121144AC3006B6B67 /* Main.storyboard in Resources */ = {isa = PBXBuildFile; fileRef = 03BA21BF21144AC3006B6B67 /* Main.storyboard */; };
		03BA21C421144AC3006B6B67 /* Shefuda.xcdatamodeld in Sources */ = {isa = PBXBuildFile; fileRef = 03BA21C221144AC3006B6B67 /* Shefuda.xcdatamodeld */; };
		03BA21C621144AC4006B6B67 /* Assets.xcassets in Resources */ = {isa = PBXBuildFile; fileRef = 03BA21C521144AC4006B6B67 /* Assets.xcassets */; };
		03BA21C921144AC4006B6B67 /* LaunchScreen.storyboard in Resources */ = {isa = PBXBuildFile; fileRef = 03BA21C721144AC4006B6B67 /* LaunchScreen.storyboard */; };
		03BA21D421145448006B6B67 /* SoundClipData.swift in Sources */ = {isa = PBXBuildFile; fileRef = 03BA21D321145448006B6B67 /* SoundClipData.swift */; };
		03BA21D7211455D6006B6B67 /* SoundPlayerController.swift in Sources */ = {isa = PBXBuildFile; fileRef = 03BA21D6211455D6006B6B67 /* SoundPlayerController.swift */; };
		03BA222121145D92006B6B67 /* KUTTAR BACHA.mp3 in Resources */ = {isa = PBXBuildFile; fileRef = 03BA21D921145D8A006B6B67 /* KUTTAR BACHA.mp3 */; };
		03BA222221145D92006B6B67 /* amare kuttay sudaise.mp3 in Resources */ = {isa = PBXBuildFile; fileRef = 03BA21DA21145D8A006B6B67 /* amare kuttay sudaise.mp3 */; };
		03BA222321145D92006B6B67 /* mithuk dhokabaj.mp3 in Resources */ = {isa = PBXBuildFile; fileRef = 03BA21DB21145D8A006B6B67 /* mithuk dhokabaj.mp3 */; };
		03BA222421145D92006B6B67 /* gushti sudi.mp3 in Resources */ = {isa = PBXBuildFile; fileRef = 03BA21DC21145D8A006B6B67 /* gushti sudi.mp3 */; };
		03BA222521145D92006B6B67 /* tora kuttasoda.mp3 in Resources */ = {isa = PBXBuildFile; fileRef = 03BA21DD21145D8A006B6B67 /* tora kuttasoda.mp3 */; };
		03BA222621145D92006B6B67 /* mod khabo ar magi sudbo.mp3 in Resources */ = {isa = PBXBuildFile; fileRef = 03BA21DE21145D8B006B6B67 /* mod khabo ar magi sudbo.mp3 */; };
		03BA222721145D92006B6B67 /* tor mayere tui sod 02.mp3 in Resources */ = {isa = PBXBuildFile; fileRef = 03BA21DF21145D8B006B6B67 /* tor mayere tui sod 02.mp3 */; };
		03BA222821145D92006B6B67 /* TOR MA BURI SUDI.mp3 in Resources */ = {isa = PBXBuildFile; fileRef = 03BA21E021145D8B006B6B67 /* TOR MA BURI SUDI.mp3 */; };
		03BA222921145D92006B6B67 /* beshar sodara.mp3 in Resources */ = {isa = PBXBuildFile; fileRef = 03BA21E121145D8B006B6B67 /* beshar sodara.mp3 */; };
		03BA222A21145D92006B6B67 /* oke thutu maro.mp3 in Resources */ = {isa = PBXBuildFile; fileRef = 03BA21E221145D8B006B6B67 /* oke thutu maro.mp3 */; };
		03BA222B21145D92006B6B67 /* tor maayer bhoda dia dhukai dimu tor mukh dia bair hoibo.mp3 in Resources */ = {isa = PBXBuildFile; fileRef = 03BA21E321145D8B006B6B67 /* tor maayer bhoda dia dhukai dimu tor mukh dia bair hoibo.mp3 */; };
		03BA222C21145D92006B6B67 /* MOTHERFUCKER BASTARD JAROZ.mp3 in Resources */ = {isa = PBXBuildFile; fileRef = 03BA21E421145D8B006B6B67 /* MOTHERFUCKER BASTARD JAROZ.mp3 */; };
		03BA222D21145D92006B6B67 /* beshsha pola.mp3 in Resources */ = {isa = PBXBuildFile; fileRef = 03BA21E521145D8B006B6B67 /* beshsha pola.mp3 */; };
		03BA222E21145D92006B6B67 /* love never dies.mp3 in Resources */ = {isa = PBXBuildFile; fileRef = 03BA21E621145D8B006B6B67 /* love never dies.mp3 */; };
		03BA222F21145D92006B6B67 /* khankir pola mod kha.mp3 in Resources */ = {isa = PBXBuildFile; fileRef = 03BA21E721145D8B006B6B67 /* khankir pola mod kha.mp3 */; };
		03BA223021145D92006B6B67 /* nirlojjo behaya.mp3 in Resources */ = {isa = PBXBuildFile; fileRef = 03BA21E821145D8B006B6B67 /* nirlojjo behaya.mp3 */; };
		03BA223121145D92006B6B67 /* shoitan.mp3 in Resources */ = {isa = PBXBuildFile; fileRef = 03BA21E921145D8B006B6B67 /* shoitan.mp3 */; };
		03BA223221145D92006B6B67 /* Ascended khankir pola.mp3 in Resources */ = {isa = PBXBuildFile; fileRef = 03BA21EA21145D8B006B6B67 /* Ascended khankir pola.mp3 */; };
		03BA223321145D92006B6B67 /* TOR PUTKI TUI MAR.mp3 in Resources */ = {isa = PBXBuildFile; fileRef = 03BA21EB21145D8C006B6B67 /* TOR PUTKI TUI MAR.mp3 */; };
		03BA223421145D92006B6B67 /* kutta diye sodabo.mp3 in Resources */ = {isa = PBXBuildFile; fileRef = 03BA21EC21145D8C006B6B67 /* kutta diye sodabo.mp3 */; };
		03BA223521145D92006B6B67 /* dhormo soda.mp3 in Resources */ = {isa = PBXBuildFile; fileRef = 03BA21ED21145D8C006B6B67 /* dhormo soda.mp3 */; };
		03BA223621145D92006B6B67 /* taar putki maira disi.mp3 in Resources */ = {isa = PBXBuildFile; fileRef = 03BA21EE21145D8C006B6B67 /* taar putki maira disi.mp3 */; };
		03BA223721145D92006B6B67 /* toder ami ghrina kori.mp3 in Resources */ = {isa = PBXBuildFile; fileRef = 03BA21EF21145D8C006B6B67 /* toder ami ghrina kori.mp3 */; };
		03BA223821145D92006B6B67 /* tora murukkhusuda.mp3 in Resources */ = {isa = PBXBuildFile; fileRef = 03BA21F021145D8C006B6B67 /* tora murukkhusuda.mp3 */; };
		03BA223921145D92006B6B67 /* mod khabi, magi sudbi.mp3 in Resources */ = {isa = PBXBuildFile; fileRef = 03BA21F121145D8C006B6B67 /* mod khabi, magi sudbi.mp3 */; };
		03BA223A21145D92006B6B67 /* Tora shob chor.mp3 in Resources */ = {isa = PBXBuildFile; fileRef = 03BA21F221145D8C006B6B67 /* Tora shob chor.mp3 */; };
		03BA223B21145D92006B6B67 /* beshsha magi.mp3 in Resources */ = {isa = PBXBuildFile; fileRef = 03BA21F321145D8C006B6B67 /* beshsha magi.mp3 */; };
		03BA223C21145D92006B6B67 /* ei tora more ja.mp3 in Resources */ = {isa = PBXBuildFile; fileRef = 03BA21F421145D8C006B6B67 /* ei tora more ja.mp3 */; };
		03BA223D21145D92006B6B67 /* mod na khaile tor mayere sudi.mp3 in Resources */ = {isa = PBXBuildFile; fileRef = 03BA21F521145D8C006B6B67 /* mod na khaile tor mayere sudi.mp3 */; };
		03BA223E21145D92006B6B67 /* Evil Laugh.mp3 in Resources */ = {isa = PBXBuildFile; fileRef = 03BA21F621145D8D006B6B67 /* Evil Laugh.mp3 */; };
		03BA223F21145D92006B6B67 /* I hate you.mp3 in Resources */ = {isa = PBXBuildFile; fileRef = 03BA21F721145D8D006B6B67 /* I hate you.mp3 */; };
		03BA224021145D92006B6B67 /* shubho oporanho.mp3 in Resources */ = {isa = PBXBuildFile; fileRef = 03BA21F821145D8D006B6B67 /* shubho oporanho.mp3 */; };
		03BA224121145D92006B6B67 /* motherfucker.mp3 in Resources */ = {isa = PBXBuildFile; fileRef = 03BA21F921145D8D006B6B67 /* motherfucker.mp3 */; };
		03BA224221145D92006B6B67 /* khelare sudi.mp3 in Resources */ = {isa = PBXBuildFile; fileRef = 03BA21FA21145D8D006B6B67 /* khelare sudi.mp3 */; };
		03BA224321145D92006B6B67 /* tor shona toh kharay na.mp3 in Resources */ = {isa = PBXBuildFile; fileRef = 03BA21FB21145D8D006B6B67 /* tor shona toh kharay na.mp3 */; };
		03BA224421145D92006B6B67 /* mod khabi, magi sudbi, ok.mp3 in Resources */ = {isa = PBXBuildFile; fileRef = 03BA21FC21145D8D006B6B67 /* mod khabi, magi sudbi, ok.mp3 */; };
		03BA224521145D92006B6B67 /* oshikhito borbor chotoloker jatera.mp3 in Resources */ = {isa = PBXBuildFile; fileRef = 03BA21FD21145D8D006B6B67 /* oshikhito borbor chotoloker jatera.mp3 */; };
		03BA224621145D92006B6B67 /* shubho shondha.mp3 in Resources */ = {isa = PBXBuildFile; fileRef = 03BA21FE21145D8E006B6B67 /* shubho shondha.mp3 */; };
		03BA224721145D92006B6B67 /* Shuprobhat Bangladeshe Ekhon Shuprobhat.mp3 in Resources */ = {isa = PBXBuildFile; fileRef = 03BA21FF21145D8E006B6B67 /* Shuprobhat Bangladeshe Ekhon Shuprobhat.mp3 */; };
		03BA224821145D92006B6B67 /* sudi na.mp3 in Resources */ = {isa = PBXBuildFile; fileRef = 03BA220021145D8E006B6B67 /* sudi na.mp3 */; };
		03BA224921145D92006B6B67 /* togore ami kutta diya chodai.mp3 in Resources */ = {isa = PBXBuildFile; fileRef = 03BA220121145D8E006B6B67 /* togore ami kutta diya chodai.mp3 */; };
		03BA224A21145D92006B6B67 /* goriber suda.mp3 in Resources */ = {isa = PBXBuildFile; fileRef = 03BA220221145D8E006B6B67 /* goriber suda.mp3 */; };
		03BA224B21145D92006B6B67 /* stupid.mp3 in Resources */ = {isa = PBXBuildFile; fileRef = 03BA220321145D8E006B6B67 /* stupid.mp3 */; };
		03BA224C21145D92006B6B67 /* beshar soda.mp3 in Resources */ = {isa = PBXBuildFile; fileRef = 03BA220421145D8E006B6B67 /* beshar soda.mp3 */; };
		03BA224D21145D92006B6B67 /* khubi oshobho kharap.mp3 in Resources */ = {isa = PBXBuildFile; fileRef = 03BA220521145D8F006B6B67 /* khubi oshobho kharap.mp3 */; };
		03BA224E21145D92006B6B67 /* mod khabi naki.mp3 in Resources */ = {isa = PBXBuildFile; fileRef = 03BA220621145D8F006B6B67 /* mod khabi naki.mp3 */; };
		03BA224F21145D92006B6B67 /* tor mayere tui sod.mp3 in Resources */ = {isa = PBXBuildFile; fileRef = 03BA220721145D8F006B6B67 /* tor mayere tui sod.mp3 */; };
		03BA225021145D92006B6B67 /* bhoda diya kutta diya sodai.mp3 in Resources */ = {isa = PBXBuildFile; fileRef = 03BA220821145D8F006B6B67 /* bhoda diya kutta diya sodai.mp3 */; };
		03BA225121145D92006B6B67 /* shutki khas, petni sudos.mp3 in Resources */ = {isa = PBXBuildFile; fileRef = 03BA220921145D8F006B6B67 /* shutki khas, petni sudos.mp3 */; };
		03BA225221145D92006B6B67 /* tora moira ja.mp3 in Resources */ = {isa = PBXBuildFile; fileRef = 03BA220A21145D8F006B6B67 /* tora moira ja.mp3 */; };
		03BA225321145D92006B6B67 /* amar bal fala.mp3 in Resources */ = {isa = PBXBuildFile; fileRef = 03BA220B21145D8F006B6B67 /* amar bal fala.mp3 */; };
		03BA225421145D92006B6B67 /* khanki.mp3 in Resources */ = {isa = PBXBuildFile; fileRef = 03BA220C21145D8F006B6B67 /* khanki.mp3 */; };
		03BA225521145D92006B6B67 /* magi sudo.mp3 in Resources */ = {isa = PBXBuildFile; fileRef = 03BA220D21145D90006B6B67 /* magi sudo.mp3 */; };
		03BA225621145D92006B6B67 /* murukkhusuda.mp3 in Resources */ = {isa = PBXBuildFile; fileRef = 03BA220E21145D90006B6B67 /* murukkhusuda.mp3 */; };
		03BA225721145D92006B6B67 /* khanki magi.mp3 in Resources */ = {isa = PBXBuildFile; fileRef = 03BA220F21145D90006B6B67 /* khanki magi.mp3 */; };
		03BA225821145D92006B6B67 /* FOKINNI GORIB.mp3 in Resources */ = {isa = PBXBuildFile; fileRef = 03BA221021145D90006B6B67 /* FOKINNI GORIB.mp3 */; };
		03BA225921145D92006B6B67 /* khankir pola 01.mp3 in Resources */ = {isa = PBXBuildFile; fileRef = 03BA221121145D90006B6B67 /* khankir pola 01.mp3 */; };
		03BA225A21145D92006B6B67 /* TOR MAIRE SUDTE ASHI NAI KHANKIR POLA.mp3 in Resources */ = {isa = PBXBuildFile; fileRef = 03BA221221145D90006B6B67 /* TOR MAIRE SUDTE ASHI NAI KHANKIR POLA.mp3 */; };
		03BA225B21145D92006B6B67 /* love is life.mp3 in Resources */ = {isa = PBXBuildFile; fileRef = 03BA221321145D90006B6B67 /* love is life.mp3 */; };
		03BA225C21145D92006B6B67 /* mod khabi manush hobi.mp3 in Resources */ = {isa = PBXBuildFile; fileRef = 03BA221421145D91006B6B67 /* mod khabi manush hobi.mp3 */; };
		03BA225D21145D92006B6B67 /* tui gorib suda.mp3 in Resources */ = {isa = PBXBuildFile; fileRef = 03BA221521145D91006B6B67 /* tui gorib suda.mp3 */; };
		03BA225E21145D92006B6B67 /* YOU BLOODY BASTARD.mp3 in Resources */ = {isa = PBXBuildFile; fileRef = 03BA221621145D91006B6B67 /* YOU BLOODY BASTARD.mp3 */; };
		03BA225F21145D92006B6B67 /* tor maayer bhoda re ami sudi na.mp3 in Resources */ = {isa = PBXBuildFile; fileRef = 03BA221721145D91006B6B67 /* tor maayer bhoda re ami sudi na.mp3 */; };
		03BA226021145D92006B6B67 /* TOR BOINRE TUI SOD.mp3 in Resources */ = {isa = PBXBuildFile; fileRef = 03BA221821145D91006B6B67 /* TOR BOINRE TUI SOD.mp3 */; };
		03BA226121145D92006B6B67 /* lojja lojja lojja.mp3 in Resources */ = {isa = PBXBuildFile; fileRef = 03BA221921145D91006B6B67 /* lojja lojja lojja.mp3 */; };
		03BA226221145D92006B6B67 /* governor er putkite ami sep dia dhukai disi.mp3 in Resources */ = {isa = PBXBuildFile; fileRef = 03BA221A21145D91006B6B67 /* governor er putkite ami sep dia dhukai disi.mp3 */; };
		03BA226321145D92006B6B67 /* tor mayere sudi.mp3 in Resources */ = {isa = PBXBuildFile; fileRef = 03BA221B21145D92006B6B67 /* tor mayere sudi.mp3 */; };
		03BA226421145D92006B6B67 /* rubbish.mp3 in Resources */ = {isa = PBXBuildFile; fileRef = 03BA221C21145D92006B6B67 /* rubbish.mp3 */; };
		03BA226521145D92006B6B67 /* mod khao ar magi chudo.mp3 in Resources */ = {isa = PBXBuildFile; fileRef = 03BA221D21145D92006B6B67 /* mod khao ar magi chudo.mp3 */; };
		03BA226621145D92006B6B67 /* khankir pola petni sudas.mp3 in Resources */ = {isa = PBXBuildFile; fileRef = 03BA221E21145D92006B6B67 /* khankir pola petni sudas.mp3 */; };
		03BA226721145D92006B6B67 /* fokinnir suda desh.mp3 in Resources */ = {isa = PBXBuildFile; fileRef = 03BA221F21145D92006B6B67 /* fokinnir suda desh.mp3 */; };
		03BA226821145D92006B6B67 /* kutta diya sodaite sodaite.mp3 in Resources */ = {isa = PBXBuildFile; fileRef = 03BA222021145D92006B6B67 /* kutta diya sodaite sodaite.mp3 */; };
		E5C592521B6193C131297519 /* Pods_Shefuda.framework in Frameworks */ = {isa = PBXBuildFile; fileRef = CEFD4AF5065FEB5911DC6A43 /* Pods_Shefuda.framework */; };
/* End PBXBuildFile section */

/* Begin PBXContainerItemProxy section */
		038923D2215539BD0090A698 /* PBXContainerItemProxy */ = {
			isa = PBXContainerItemProxy;
			containerPortal = 03BA21B021144AC2006B6B67 /* Project object */;
			proxyType = 1;
			remoteGlobalIDString = 03BA21B721144AC3006B6B67;
			remoteInfo = Shefuda;
		};
/* End PBXContainerItemProxy section */

/* Begin PBXFileReference section */
		038923CD215539BC0090A698 /* ShefudaTests.xctest */ = {isa = PBXFileReference; explicitFileType = wrapper.cfbundle; includeInIndex = 0; path = ShefudaTests.xctest; sourceTree = BUILT_PRODUCTS_DIR; };
		038923CF215539BD0090A698 /* ShefudaTests.swift */ = {isa = PBXFileReference; lastKnownFileType = sourcecode.swift; path = ShefudaTests.swift; sourceTree = "<group>"; };
		038923D1215539BD0090A698 /* Info.plist */ = {isa = PBXFileReference; lastKnownFileType = text.plist.xml; path = Info.plist; sourceTree = "<group>"; };
		03BA21B821144AC3006B6B67 /* Shefuda.app */ = {isa = PBXFileReference; explicitFileType = wrapper.application; includeInIndex = 0; path = Shefuda.app; sourceTree = BUILT_PRODUCTS_DIR; };
		03BA21BB21144AC3006B6B67 /* AppDelegate.swift */ = {isa = PBXFileReference; lastKnownFileType = sourcecode.swift; path = AppDelegate.swift; sourceTree = "<group>"; };
		03BA21BD21144AC3006B6B67 /* ViewController.swift */ = {isa = PBXFileReference; lastKnownFileType = sourcecode.swift; path = ViewController.swift; sourceTree = "<group>"; };
		03BA21C021144AC3006B6B67 /* Base */ = {isa = PBXFileReference; lastKnownFileType = file.storyboard; name = Base; path = Base.lproj/Main.storyboard; sourceTree = "<group>"; };
		03BA21C321144AC3006B6B67 /* Shefuda.xcdatamodel */ = {isa = PBXFileReference; lastKnownFileType = wrapper.xcdatamodel; path = Shefuda.xcdatamodel; sourceTree = "<group>"; };
		03BA21C521144AC4006B6B67 /* Assets.xcassets */ = {isa = PBXFileReference; lastKnownFileType = folder.assetcatalog; path = Assets.xcassets; sourceTree = "<group>"; };
		03BA21C821144AC4006B6B67 /* Base */ = {isa = PBXFileReference; lastKnownFileType = file.storyboard; name = Base; path = Base.lproj/LaunchScreen.storyboard; sourceTree = "<group>"; };
		03BA21CA21144AC4006B6B67 /* Info.plist */ = {isa = PBXFileReference; lastKnownFileType = text.plist.xml; path = Info.plist; sourceTree = "<group>"; };
		03BA21D321145448006B6B67 /* SoundClipData.swift */ = {isa = PBXFileReference; lastKnownFileType = sourcecode.swift; path = SoundClipData.swift; sourceTree = "<group>"; };
		03BA21D6211455D6006B6B67 /* SoundPlayerController.swift */ = {isa = PBXFileReference; lastKnownFileType = sourcecode.swift; path = SoundPlayerController.swift; sourceTree = "<group>"; };
		03BA21D921145D8A006B6B67 /* KUTTAR BACHA.mp3 */ = {isa = PBXFileReference; lastKnownFileType = audio.mp3; path = "KUTTAR BACHA.mp3"; sourceTree = "<group>"; };
		03BA21DA21145D8A006B6B67 /* amare kuttay sudaise.mp3 */ = {isa = PBXFileReference; lastKnownFileType = audio.mp3; path = "amare kuttay sudaise.mp3"; sourceTree = "<group>"; };
		03BA21DB21145D8A006B6B67 /* mithuk dhokabaj.mp3 */ = {isa = PBXFileReference; lastKnownFileType = audio.mp3; path = "mithuk dhokabaj.mp3"; sourceTree = "<group>"; };
		03BA21DC21145D8A006B6B67 /* gushti sudi.mp3 */ = {isa = PBXFileReference; lastKnownFileType = audio.mp3; path = "gushti sudi.mp3"; sourceTree = "<group>"; };
		03BA21DD21145D8A006B6B67 /* tora kuttasoda.mp3 */ = {isa = PBXFileReference; lastKnownFileType = audio.mp3; path = "tora kuttasoda.mp3"; sourceTree = "<group>"; };
		03BA21DE21145D8B006B6B67 /* mod khabo ar magi sudbo.mp3 */ = {isa = PBXFileReference; lastKnownFileType = audio.mp3; path = "mod khabo ar magi sudbo.mp3"; sourceTree = "<group>"; };
		03BA21DF21145D8B006B6B67 /* tor mayere tui sod 02.mp3 */ = {isa = PBXFileReference; lastKnownFileType = audio.mp3; path = "tor mayere tui sod 02.mp3"; sourceTree = "<group>"; };
		03BA21E021145D8B006B6B67 /* TOR MA BURI SUDI.mp3 */ = {isa = PBXFileReference; lastKnownFileType = audio.mp3; path = "TOR MA BURI SUDI.mp3"; sourceTree = "<group>"; };
		03BA21E121145D8B006B6B67 /* beshar sodara.mp3 */ = {isa = PBXFileReference; lastKnownFileType = audio.mp3; path = "beshar sodara.mp3"; sourceTree = "<group>"; };
		03BA21E221145D8B006B6B67 /* oke thutu maro.mp3 */ = {isa = PBXFileReference; lastKnownFileType = audio.mp3; path = "oke thutu maro.mp3"; sourceTree = "<group>"; };
		03BA21E321145D8B006B6B67 /* tor maayer bhoda dia dhukai dimu tor mukh dia bair hoibo.mp3 */ = {isa = PBXFileReference; lastKnownFileType = audio.mp3; path = "tor maayer bhoda dia dhukai dimu tor mukh dia bair hoibo.mp3"; sourceTree = "<group>"; };
		03BA21E421145D8B006B6B67 /* MOTHERFUCKER BASTARD JAROZ.mp3 */ = {isa = PBXFileReference; lastKnownFileType = audio.mp3; path = "MOTHERFUCKER BASTARD JAROZ.mp3"; sourceTree = "<group>"; };
		03BA21E521145D8B006B6B67 /* beshsha pola.mp3 */ = {isa = PBXFileReference; lastKnownFileType = audio.mp3; path = "beshsha pola.mp3"; sourceTree = "<group>"; };
		03BA21E621145D8B006B6B67 /* love never dies.mp3 */ = {isa = PBXFileReference; lastKnownFileType = audio.mp3; path = "love never dies.mp3"; sourceTree = "<group>"; };
		03BA21E721145D8B006B6B67 /* khankir pola mod kha.mp3 */ = {isa = PBXFileReference; lastKnownFileType = audio.mp3; path = "khankir pola mod kha.mp3"; sourceTree = "<group>"; };
		03BA21E821145D8B006B6B67 /* nirlojjo behaya.mp3 */ = {isa = PBXFileReference; lastKnownFileType = audio.mp3; path = "nirlojjo behaya.mp3"; sourceTree = "<group>"; };
		03BA21E921145D8B006B6B67 /* shoitan.mp3 */ = {isa = PBXFileReference; lastKnownFileType = audio.mp3; path = shoitan.mp3; sourceTree = "<group>"; };
		03BA21EA21145D8B006B6B67 /* Ascended khankir pola.mp3 */ = {isa = PBXFileReference; lastKnownFileType = audio.mp3; path = "Ascended khankir pola.mp3"; sourceTree = "<group>"; };
		03BA21EB21145D8C006B6B67 /* TOR PUTKI TUI MAR.mp3 */ = {isa = PBXFileReference; lastKnownFileType = audio.mp3; path = "TOR PUTKI TUI MAR.mp3"; sourceTree = "<group>"; };
		03BA21EC21145D8C006B6B67 /* kutta diye sodabo.mp3 */ = {isa = PBXFileReference; lastKnownFileType = audio.mp3; path = "kutta diye sodabo.mp3"; sourceTree = "<group>"; };
		03BA21ED21145D8C006B6B67 /* dhormo soda.mp3 */ = {isa = PBXFileReference; lastKnownFileType = audio.mp3; path = "dhormo soda.mp3"; sourceTree = "<group>"; };
		03BA21EE21145D8C006B6B67 /* taar putki maira disi.mp3 */ = {isa = PBXFileReference; lastKnownFileType = audio.mp3; path = "taar putki maira disi.mp3"; sourceTree = "<group>"; };
		03BA21EF21145D8C006B6B67 /* toder ami ghrina kori.mp3 */ = {isa = PBXFileReference; lastKnownFileType = audio.mp3; path = "toder ami ghrina kori.mp3"; sourceTree = "<group>"; };
		03BA21F021145D8C006B6B67 /* tora murukkhusuda.mp3 */ = {isa = PBXFileReference; lastKnownFileType = audio.mp3; path = "tora murukkhusuda.mp3"; sourceTree = "<group>"; };
		03BA21F121145D8C006B6B67 /* mod khabi, magi sudbi.mp3 */ = {isa = PBXFileReference; lastKnownFileType = audio.mp3; path = "mod khabi, magi sudbi.mp3"; sourceTree = "<group>"; };
		03BA21F221145D8C006B6B67 /* Tora shob chor.mp3 */ = {isa = PBXFileReference; lastKnownFileType = audio.mp3; path = "Tora shob chor.mp3"; sourceTree = "<group>"; };
		03BA21F321145D8C006B6B67 /* beshsha magi.mp3 */ = {isa = PBXFileReference; lastKnownFileType = audio.mp3; path = "beshsha magi.mp3"; sourceTree = "<group>"; };
		03BA21F421145D8C006B6B67 /* ei tora more ja.mp3 */ = {isa = PBXFileReference; lastKnownFileType = audio.mp3; path = "ei tora more ja.mp3"; sourceTree = "<group>"; };
		03BA21F521145D8C006B6B67 /* mod na khaile tor mayere sudi.mp3 */ = {isa = PBXFileReference; lastKnownFileType = audio.mp3; path = "mod na khaile tor mayere sudi.mp3"; sourceTree = "<group>"; };
		03BA21F621145D8D006B6B67 /* Evil Laugh.mp3 */ = {isa = PBXFileReference; lastKnownFileType = audio.mp3; path = "Evil Laugh.mp3"; sourceTree = "<group>"; };
		03BA21F721145D8D006B6B67 /* I hate you.mp3 */ = {isa = PBXFileReference; lastKnownFileType = audio.mp3; path = "I hate you.mp3"; sourceTree = "<group>"; };
		03BA21F821145D8D006B6B67 /* shubho oporanho.mp3 */ = {isa = PBXFileReference; lastKnownFileType = audio.mp3; path = "shubho oporanho.mp3"; sourceTree = "<group>"; };
		03BA21F921145D8D006B6B67 /* motherfucker.mp3 */ = {isa = PBXFileReference; lastKnownFileType = audio.mp3; path = motherfucker.mp3; sourceTree = "<group>"; };
		03BA21FA21145D8D006B6B67 /* khelare sudi.mp3 */ = {isa = PBXFileReference; lastKnownFileType = audio.mp3; path = "khelare sudi.mp3"; sourceTree = "<group>"; };
		03BA21FB21145D8D006B6B67 /* tor shona toh kharay na.mp3 */ = {isa = PBXFileReference; lastKnownFileType = audio.mp3; path = "tor shona toh kharay na.mp3"; sourceTree = "<group>"; };
		03BA21FC21145D8D006B6B67 /* mod khabi, magi sudbi, ok.mp3 */ = {isa = PBXFileReference; lastKnownFileType = audio.mp3; path = "mod khabi, magi sudbi, ok.mp3"; sourceTree = "<group>"; };
		03BA21FD21145D8D006B6B67 /* oshikhito borbor chotoloker jatera.mp3 */ = {isa = PBXFileReference; lastKnownFileType = audio.mp3; path = "oshikhito borbor chotoloker jatera.mp3"; sourceTree = "<group>"; };
		03BA21FE21145D8E006B6B67 /* shubho shondha.mp3 */ = {isa = PBXFileReference; lastKnownFileType = audio.mp3; path = "shubho shondha.mp3"; sourceTree = "<group>"; };
		03BA21FF21145D8E006B6B67 /* Shuprobhat Bangladeshe Ekhon Shuprobhat.mp3 */ = {isa = PBXFileReference; lastKnownFileType = audio.mp3; path = "Shuprobhat Bangladeshe Ekhon Shuprobhat.mp3"; sourceTree = "<group>"; };
		03BA220021145D8E006B6B67 /* sudi na.mp3 */ = {isa = PBXFileReference; lastKnownFileType = audio.mp3; path = "sudi na.mp3"; sourceTree = "<group>"; };
		03BA220121145D8E006B6B67 /* togore ami kutta diya chodai.mp3 */ = {isa = PBXFileReference; lastKnownFileType = audio.mp3; path = "togore ami kutta diya chodai.mp3"; sourceTree = "<group>"; };
		03BA220221145D8E006B6B67 /* goriber suda.mp3 */ = {isa = PBXFileReference; lastKnownFileType = audio.mp3; path = "goriber suda.mp3"; sourceTree = "<group>"; };
		03BA220321145D8E006B6B67 /* stupid.mp3 */ = {isa = PBXFileReference; lastKnownFileType = audio.mp3; path = stupid.mp3; sourceTree = "<group>"; };
		03BA220421145D8E006B6B67 /* beshar soda.mp3 */ = {isa = PBXFileReference; lastKnownFileType = audio.mp3; path = "beshar soda.mp3"; sourceTree = "<group>"; };
		03BA220521145D8F006B6B67 /* khubi oshobho kharap.mp3 */ = {isa = PBXFileReference; lastKnownFileType = audio.mp3; path = "khubi oshobho kharap.mp3"; sourceTree = "<group>"; };
		03BA220621145D8F006B6B67 /* mod khabi naki.mp3 */ = {isa = PBXFileReference; lastKnownFileType = audio.mp3; path = "mod khabi naki.mp3"; sourceTree = "<group>"; };
		03BA220721145D8F006B6B67 /* tor mayere tui sod.mp3 */ = {isa = PBXFileReference; lastKnownFileType = audio.mp3; path = "tor mayere tui sod.mp3"; sourceTree = "<group>"; };
		03BA220821145D8F006B6B67 /* bhoda diya kutta diya sodai.mp3 */ = {isa = PBXFileReference; lastKnownFileType = audio.mp3; path = "bhoda diya kutta diya sodai.mp3"; sourceTree = "<group>"; };
		03BA220921145D8F006B6B67 /* shutki khas, petni sudos.mp3 */ = {isa = PBXFileReference; lastKnownFileType = audio.mp3; path = "shutki khas, petni sudos.mp3"; sourceTree = "<group>"; };
		03BA220A21145D8F006B6B67 /* tora moira ja.mp3 */ = {isa = PBXFileReference; lastKnownFileType = audio.mp3; path = "tora moira ja.mp3"; sourceTree = "<group>"; };
		03BA220B21145D8F006B6B67 /* amar bal fala.mp3 */ = {isa = PBXFileReference; lastKnownFileType = audio.mp3; path = "amar bal fala.mp3"; sourceTree = "<group>"; };
		03BA220C21145D8F006B6B67 /* khanki.mp3 */ = {isa = PBXFileReference; lastKnownFileType = audio.mp3; path = khanki.mp3; sourceTree = "<group>"; };
		03BA220D21145D90006B6B67 /* magi sudo.mp3 */ = {isa = PBXFileReference; lastKnownFileType = audio.mp3; path = "magi sudo.mp3"; sourceTree = "<group>"; };
		03BA220E21145D90006B6B67 /* murukkhusuda.mp3 */ = {isa = PBXFileReference; lastKnownFileType = audio.mp3; path = murukkhusuda.mp3; sourceTree = "<group>"; };
		03BA220F21145D90006B6B67 /* khanki magi.mp3 */ = {isa = PBXFileReference; lastKnownFileType = audio.mp3; path = "khanki magi.mp3"; sourceTree = "<group>"; };
		03BA221021145D90006B6B67 /* FOKINNI GORIB.mp3 */ = {isa = PBXFileReference; lastKnownFileType = audio.mp3; path = "FOKINNI GORIB.mp3"; sourceTree = "<group>"; };
		03BA221121145D90006B6B67 /* khankir pola 01.mp3 */ = {isa = PBXFileReference; lastKnownFileType = audio.mp3; path = "khankir pola 01.mp3"; sourceTree = "<group>"; };
		03BA221221145D90006B6B67 /* TOR MAIRE SUDTE ASHI NAI KHANKIR POLA.mp3 */ = {isa = PBXFileReference; lastKnownFileType = audio.mp3; path = "TOR MAIRE SUDTE ASHI NAI KHANKIR POLA.mp3"; sourceTree = "<group>"; };
		03BA221321145D90006B6B67 /* love is life.mp3 */ = {isa = PBXFileReference; lastKnownFileType = audio.mp3; path = "love is life.mp3"; sourceTree = "<group>"; };
		03BA221421145D91006B6B67 /* mod khabi manush hobi.mp3 */ = {isa = PBXFileReference; lastKnownFileType = audio.mp3; path = "mod khabi manush hobi.mp3"; sourceTree = "<group>"; };
		03BA221521145D91006B6B67 /* tui gorib suda.mp3 */ = {isa = PBXFileReference; lastKnownFileType = audio.mp3; path = "tui gorib suda.mp3"; sourceTree = "<group>"; };
		03BA221621145D91006B6B67 /* YOU BLOODY BASTARD.mp3 */ = {isa = PBXFileReference; lastKnownFileType = audio.mp3; path = "YOU BLOODY BASTARD.mp3"; sourceTree = "<group>"; };
		03BA221721145D91006B6B67 /* tor maayer bhoda re ami sudi na.mp3 */ = {isa = PBXFileReference; lastKnownFileType = audio.mp3; path = "tor maayer bhoda re ami sudi na.mp3"; sourceTree = "<group>"; };
		03BA221821145D91006B6B67 /* TOR BOINRE TUI SOD.mp3 */ = {isa = PBXFileReference; lastKnownFileType = audio.mp3; path = "TOR BOINRE TUI SOD.mp3"; sourceTree = "<group>"; };
		03BA221921145D91006B6B67 /* lojja lojja lojja.mp3 */ = {isa = PBXFileReference; lastKnownFileType = audio.mp3; path = "lojja lojja lojja.mp3"; sourceTree = "<group>"; };
		03BA221A21145D91006B6B67 /* governor er putkite ami sep dia dhukai disi.mp3 */ = {isa = PBXFileReference; lastKnownFileType = audio.mp3; path = "governor er putkite ami sep dia dhukai disi.mp3"; sourceTree = "<group>"; };
		03BA221B21145D92006B6B67 /* tor mayere sudi.mp3 */ = {isa = PBXFileReference; lastKnownFileType = audio.mp3; path = "tor mayere sudi.mp3"; sourceTree = "<group>"; };
		03BA221C21145D92006B6B67 /* rubbish.mp3 */ = {isa = PBXFileReference; lastKnownFileType = audio.mp3; path = rubbish.mp3; sourceTree = "<group>"; };
		03BA221D21145D92006B6B67 /* mod khao ar magi chudo.mp3 */ = {isa = PBXFileReference; lastKnownFileType = audio.mp3; path = "mod khao ar magi chudo.mp3"; sourceTree = "<group>"; };
		03BA221E21145D92006B6B67 /* khankir pola petni sudas.mp3 */ = {isa = PBXFileReference; lastKnownFileType = audio.mp3; path = "khankir pola petni sudas.mp3"; sourceTree = "<group>"; };
		03BA221F21145D92006B6B67 /* fokinnir suda desh.mp3 */ = {isa = PBXFileReference; lastKnownFileType = audio.mp3; path = "fokinnir suda desh.mp3"; sourceTree = "<group>"; };
		03BA222021145D92006B6B67 /* kutta diya sodaite sodaite.mp3 */ = {isa = PBXFileReference; lastKnownFileType = audio.mp3; path = "kutta diya sodaite sodaite.mp3"; sourceTree = "<group>"; };
		1D663110FCFDDB826C4ACC65 /* Pods-Shefuda.debug.xcconfig */ = {isa = PBXFileReference; includeInIndex = 1; lastKnownFileType = text.xcconfig; name = "Pods-Shefuda.debug.xcconfig"; path = "Pods/Target Support Files/Pods-Shefuda/Pods-Shefuda.debug.xcconfig"; sourceTree = "<group>"; };
		B4A9FD43D44BF8512D28EAD8 /* Pods-Shefuda.release.xcconfig */ = {isa = PBXFileReference; includeInIndex = 1; lastKnownFileType = text.xcconfig; name = "Pods-Shefuda.release.xcconfig"; path = "Pods/Target Support Files/Pods-Shefuda/Pods-Shefuda.release.xcconfig"; sourceTree = "<group>"; };
		CEFD4AF5065FEB5911DC6A43 /* Pods_Shefuda.framework */ = {isa = PBXFileReference; explicitFileType = wrapper.framework; includeInIndex = 0; path = Pods_Shefuda.framework; sourceTree = BUILT_PRODUCTS_DIR; };
/* End PBXFileReference section */

/* Begin PBXFrameworksBuildPhase section */
		038923CA215539BC0090A698 /* Frameworks */ = {
			isa = PBXFrameworksBuildPhase;
			buildActionMask = 2147483647;
			files = (
			);
			runOnlyForDeploymentPostprocessing = 0;
		};
		03BA21B521144AC3006B6B67 /* Frameworks */ = {
			isa = PBXFrameworksBuildPhase;
			buildActionMask = 2147483647;
			files = (
				E5C592521B6193C131297519 /* Pods_Shefuda.framework in Frameworks */,
			);
			runOnlyForDeploymentPostprocessing = 0;
		};
/* End PBXFrameworksBuildPhase section */

/* Begin PBXGroup section */
		038923CE215539BC0090A698 /* ShefudaTests */ = {
			isa = PBXGroup;
			children = (
				038923CF215539BD0090A698 /* ShefudaTests.swift */,
				038923D1215539BD0090A698 /* Info.plist */,
			);
			path = ShefudaTests;
			sourceTree = "<group>";
		};
		03BA21AF21144AC2006B6B67 = {
			isa = PBXGroup;
			children = (
				03BA21BA21144AC3006B6B67 /* Shefuda */,
				038923CE215539BC0090A698 /* ShefudaTests */,
				03BA21B921144AC3006B6B67 /* Products */,
				C5E3681856133D72A69A7485 /* Pods */,
				19542BF585A60C40E1211CB3 /* Frameworks */,
			);
			sourceTree = "<group>";
		};
		03BA21B921144AC3006B6B67 /* Products */ = {
			isa = PBXGroup;
			children = (
				03BA21B821144AC3006B6B67 /* Shefuda.app */,
				038923CD215539BC0090A698 /* ShefudaTests.xctest */,
			);
			name = Products;
			sourceTree = "<group>";
		};
		03BA21BA21144AC3006B6B67 /* Shefuda */ = {
			isa = PBXGroup;
			children = (
				03BA21D821145D72006B6B67 /* Sounds */,
				03BA21BB21144AC3006B6B67 /* AppDelegate.swift */,
				03BA21D021144C9B006B6B67 /* Controller */,
				03BA21D121144CAA006B6B67 /* View */,
				03BA21D221144CBD006B6B67 /* Supporting Files */,
				03BA21CA21144AC4006B6B67 /* Info.plist */,
				03BA21D52114544F006B6B67 /* Data Model */,
			);
			path = Shefuda;
			sourceTree = "<group>";
		};
		03BA21D021144C9B006B6B67 /* Controller */ = {
			isa = PBXGroup;
			children = (
				03BA21BD21144AC3006B6B67 /* ViewController.swift */,
				03BA21D6211455D6006B6B67 /* SoundPlayerController.swift */,
			);
			path = Controller;
			sourceTree = "<group>";
		};
		03BA21D121144CAA006B6B67 /* View */ = {
			isa = PBXGroup;
			children = (
				03BA21BF21144AC3006B6B67 /* Main.storyboard */,
				03BA21C721144AC4006B6B67 /* LaunchScreen.storyboard */,
			);
			path = View;
			sourceTree = "<group>";
		};
		03BA21D221144CBD006B6B67 /* Supporting Files */ = {
			isa = PBXGroup;
			children = (
				03BA21C521144AC4006B6B67 /* Assets.xcassets */,
				03BA21C221144AC3006B6B67 /* Shefuda.xcdatamodeld */,
			);
			path = "Supporting Files";
			sourceTree = "<group>";
		};
		03BA21D52114544F006B6B67 /* Data Model */ = {
			isa = PBXGroup;
			children = (
				03BA21D321145448006B6B67 /* SoundClipData.swift */,
			);
			path = "Data Model";
			sourceTree = "<group>";
		};
		03BA21D821145D72006B6B67 /* Sounds */ = {
			isa = PBXGroup;
			children = (
				03BA220B21145D8F006B6B67 /* amar bal fala.mp3 */,
				03BA21DA21145D8A006B6B67 /* amare kuttay sudaise.mp3 */,
				03BA21EA21145D8B006B6B67 /* Ascended khankir pola.mp3 */,
				03BA220421145D8E006B6B67 /* beshar soda.mp3 */,
				03BA21E121145D8B006B6B67 /* beshar sodara.mp3 */,
				03BA21F321145D8C006B6B67 /* beshsha magi.mp3 */,
				03BA21E521145D8B006B6B67 /* beshsha pola.mp3 */,
				03BA220821145D8F006B6B67 /* bhoda diya kutta diya sodai.mp3 */,
				03BA21ED21145D8C006B6B67 /* dhormo soda.mp3 */,
				03BA21F421145D8C006B6B67 /* ei tora more ja.mp3 */,
				03BA21F621145D8D006B6B67 /* Evil Laugh.mp3 */,
				03BA221021145D90006B6B67 /* FOKINNI GORIB.mp3 */,
				03BA221F21145D92006B6B67 /* fokinnir suda desh.mp3 */,
				03BA220221145D8E006B6B67 /* goriber suda.mp3 */,
				03BA221A21145D91006B6B67 /* governor er putkite ami sep dia dhukai disi.mp3 */,
				03BA21DC21145D8A006B6B67 /* gushti sudi.mp3 */,
				03BA21F721145D8D006B6B67 /* I hate you.mp3 */,
				03BA220F21145D90006B6B67 /* khanki magi.mp3 */,
				03BA220C21145D8F006B6B67 /* khanki.mp3 */,
				03BA221121145D90006B6B67 /* khankir pola 01.mp3 */,
				03BA21E721145D8B006B6B67 /* khankir pola mod kha.mp3 */,
				03BA221E21145D92006B6B67 /* khankir pola petni sudas.mp3 */,
				03BA21FA21145D8D006B6B67 /* khelare sudi.mp3 */,
				03BA220521145D8F006B6B67 /* khubi oshobho kharap.mp3 */,
				03BA222021145D92006B6B67 /* kutta diya sodaite sodaite.mp3 */,
				03BA21EC21145D8C006B6B67 /* kutta diye sodabo.mp3 */,
				03BA21D921145D8A006B6B67 /* KUTTAR BACHA.mp3 */,
				03BA221921145D91006B6B67 /* lojja lojja lojja.mp3 */,
				03BA221321145D90006B6B67 /* love is life.mp3 */,
				03BA21E621145D8B006B6B67 /* love never dies.mp3 */,
				03BA220D21145D90006B6B67 /* magi sudo.mp3 */,
				03BA21DB21145D8A006B6B67 /* mithuk dhokabaj.mp3 */,
				03BA221421145D91006B6B67 /* mod khabi manush hobi.mp3 */,
				03BA220621145D8F006B6B67 /* mod khabi naki.mp3 */,
				03BA21FC21145D8D006B6B67 /* mod khabi, magi sudbi, ok.mp3 */,
				03BA21F121145D8C006B6B67 /* mod khabi, magi sudbi.mp3 */,
				03BA21DE21145D8B006B6B67 /* mod khabo ar magi sudbo.mp3 */,
				03BA221D21145D92006B6B67 /* mod khao ar magi chudo.mp3 */,
				03BA21F521145D8C006B6B67 /* mod na khaile tor mayere sudi.mp3 */,
				03BA21E421145D8B006B6B67 /* MOTHERFUCKER BASTARD JAROZ.mp3 */,
				03BA21F921145D8D006B6B67 /* motherfucker.mp3 */,
				03BA220E21145D90006B6B67 /* murukkhusuda.mp3 */,
				03BA21E821145D8B006B6B67 /* nirlojjo behaya.mp3 */,
				03BA21E221145D8B006B6B67 /* oke thutu maro.mp3 */,
				03BA21FD21145D8D006B6B67 /* oshikhito borbor chotoloker jatera.mp3 */,
				03BA221C21145D92006B6B67 /* rubbish.mp3 */,
				03BA21E921145D8B006B6B67 /* shoitan.mp3 */,
				03BA21F821145D8D006B6B67 /* shubho oporanho.mp3 */,
				03BA21FE21145D8E006B6B67 /* shubho shondha.mp3 */,
				03BA21FF21145D8E006B6B67 /* Shuprobhat Bangladeshe Ekhon Shuprobhat.mp3 */,
				03BA220921145D8F006B6B67 /* shutki khas, petni sudos.mp3 */,
				03BA220321145D8E006B6B67 /* stupid.mp3 */,
				03BA220021145D8E006B6B67 /* sudi na.mp3 */,
				03BA21EE21145D8C006B6B67 /* taar putki maira disi.mp3 */,
				03BA21EF21145D8C006B6B67 /* toder ami ghrina kori.mp3 */,
				03BA220121145D8E006B6B67 /* togore ami kutta diya chodai.mp3 */,
				03BA221821145D91006B6B67 /* TOR BOINRE TUI SOD.mp3 */,
				03BA21E021145D8B006B6B67 /* TOR MA BURI SUDI.mp3 */,
				03BA21E321145D8B006B6B67 /* tor maayer bhoda dia dhukai dimu tor mukh dia bair hoibo.mp3 */,
				03BA221721145D91006B6B67 /* tor maayer bhoda re ami sudi na.mp3 */,
				03BA221221145D90006B6B67 /* TOR MAIRE SUDTE ASHI NAI KHANKIR POLA.mp3 */,
				03BA221B21145D92006B6B67 /* tor mayere sudi.mp3 */,
				03BA21DF21145D8B006B6B67 /* tor mayere tui sod 02.mp3 */,
				03BA220721145D8F006B6B67 /* tor mayere tui sod.mp3 */,
				03BA21EB21145D8C006B6B67 /* TOR PUTKI TUI MAR.mp3 */,
				03BA21FB21145D8D006B6B67 /* tor shona toh kharay na.mp3 */,
				03BA21DD21145D8A006B6B67 /* tora kuttasoda.mp3 */,
				03BA220A21145D8F006B6B67 /* tora moira ja.mp3 */,
				03BA21F021145D8C006B6B67 /* tora murukkhusuda.mp3 */,
				03BA21F221145D8C006B6B67 /* Tora shob chor.mp3 */,
				03BA221521145D91006B6B67 /* tui gorib suda.mp3 */,
				03BA221621145D91006B6B67 /* YOU BLOODY BASTARD.mp3 */,
			);
			path = Sounds;
			sourceTree = "<group>";
		};
		19542BF585A60C40E1211CB3 /* Frameworks */ = {
			isa = PBXGroup;
			children = (
				CEFD4AF5065FEB5911DC6A43 /* Pods_Shefuda.framework */,
			);
			name = Frameworks;
			sourceTree = "<group>";
		};
		C5E3681856133D72A69A7485 /* Pods */ = {
			isa = PBXGroup;
			children = (
				1D663110FCFDDB826C4ACC65 /* Pods-Shefuda.debug.xcconfig */,
				B4A9FD43D44BF8512D28EAD8 /* Pods-Shefuda.release.xcconfig */,
			);
			name = Pods;
			sourceTree = "<group>";
		};
/* End PBXGroup section */

/* Begin PBXNativeTarget section */
		038923CC215539BC0090A698 /* ShefudaTests */ = {
			isa = PBXNativeTarget;
			buildConfigurationList = 038923D6215539BD0090A698 /* Build configuration list for PBXNativeTarget "ShefudaTests" */;
			buildPhases = (
				038923C9215539BC0090A698 /* Sources */,
				038923CA215539BC0090A698 /* Frameworks */,
				038923CB215539BC0090A698 /* Resources */,
			);
			buildRules = (
			);
			dependencies = (
				038923D3215539BD0090A698 /* PBXTargetDependency */,
			);
			name = ShefudaTests;
			productName = ShefudaTests;
			productReference = 038923CD215539BC0090A698 /* ShefudaTests.xctest */;
			productType = "com.apple.product-type.bundle.unit-test";
		};
		03BA21B721144AC3006B6B67 /* Shefuda */ = {
			isa = PBXNativeTarget;
			buildConfigurationList = 03BA21CD21144AC4006B6B67 /* Build configuration list for PBXNativeTarget "Shefuda" */;
			buildPhases = (
				F94E0D4D38892051172FC341 /* [CP] Check Pods Manifest.lock */,
				03BA21B421144AC3006B6B67 /* Sources */,
				03BA21B521144AC3006B6B67 /* Frameworks */,
				03BA21B621144AC3006B6B67 /* Resources */,
				5BC903453BE52F1AF5EB5D74 /* [CP] Embed Pods Frameworks */,
			);
			buildRules = (
			);
			dependencies = (
			);
			name = Shefuda;
			productName = Shefuda;
			productReference = 03BA21B821144AC3006B6B67 /* Shefuda.app */;
			productType = "com.apple.product-type.application";
		};
/* End PBXNativeTarget section */

/* Begin PBXProject section */
		03BA21B021144AC2006B6B67 /* Project object */ = {
			isa = PBXProject;
			attributes = {
				LastSwiftUpdateCheck = 1000;
				LastUpgradeCheck = 0940;
				ORGANIZATIONNAME = "Shawon Ashraf";
				TargetAttributes = {
					038923CC215539BC0090A698 = {
						CreatedOnToolsVersion = 10.0;
						TestTargetID = 03BA21B721144AC3006B6B67;
					};
					03BA21B721144AC3006B6B67 = {
						CreatedOnToolsVersion = 9.4.1;
						LastSwiftMigration = 1000;
					};
				};
			};
			buildConfigurationList = 03BA21B321144AC2006B6B67 /* Build configuration list for PBXProject "Shefuda" */;
			compatibilityVersion = "Xcode 9.3";
			developmentRegion = en;
			hasScannedForEncodings = 0;
			knownRegions = (
				en,
				Base,
			);
			mainGroup = 03BA21AF21144AC2006B6B67;
			productRefGroup = 03BA21B921144AC3006B6B67 /* Products */;
			projectDirPath = "";
			projectRoot = "";
			targets = (
				03BA21B721144AC3006B6B67 /* Shefuda */,
				038923CC215539BC0090A698 /* ShefudaTests */,
			);
		};
/* End PBXProject section */

/* Begin PBXResourcesBuildPhase section */
		038923CB215539BC0090A698 /* Resources */ = {
			isa = PBXResourcesBuildPhase;
			buildActionMask = 2147483647;
			files = (
			);
			runOnlyForDeploymentPostprocessing = 0;
		};
		03BA21B621144AC3006B6B67 /* Resources */ = {
			isa = PBXResourcesBuildPhase;
			buildActionMask = 2147483647;
			files = (
				03BA222121145D92006B6B67 /* KUTTAR BACHA.mp3 in Resources */,
				03BA223C21145D92006B6B67 /* ei tora more ja.mp3 in Resources */,
				03BA222C21145D92006B6B67 /* MOTHERFUCKER BASTARD JAROZ.mp3 in Resources */,
				03BA225F21145D92006B6B67 /* tor maayer bhoda re ami sudi na.mp3 in Resources */,
				03BA225E21145D92006B6B67 /* YOU BLOODY BASTARD.mp3 in Resources */,
				03BA224621145D92006B6B67 /* shubho shondha.mp3 in Resources */,
				03BA225521145D92006B6B67 /* magi sudo.mp3 in Resources */,
				03BA222721145D92006B6B67 /* tor mayere tui sod 02.mp3 in Resources */,
				03BA225621145D92006B6B67 /* murukkhusuda.mp3 in Resources */,
				03BA223121145D92006B6B67 /* shoitan.mp3 in Resources */,
				03BA224121145D92006B6B67 /* motherfucker.mp3 in Resources */,
				03BA225321145D92006B6B67 /* amar bal fala.mp3 in Resources */,
				03BA224221145D92006B6B67 /* khelare sudi.mp3 in Resources */,
				03BA224F21145D92006B6B67 /* tor mayere tui sod.mp3 in Resources */,
				03BA223721145D92006B6B67 /* toder ami ghrina kori.mp3 in Resources */,
				03BA225C21145D92006B6B67 /* mod khabi manush hobi.mp3 in Resources */,
				03BA224E21145D92006B6B67 /* mod khabi naki.mp3 in Resources */,
				03BA225821145D92006B6B67 /* FOKINNI GORIB.mp3 in Resources */,
				03BA222921145D92006B6B67 /* beshar sodara.mp3 in Resources */,
				03BA224921145D92006B6B67 /* togore ami kutta diya chodai.mp3 in Resources */,
				03BA226221145D92006B6B67 /* governor er putkite ami sep dia dhukai disi.mp3 in Resources */,
				03BA224C21145D92006B6B67 /* beshar soda.mp3 in Resources */,
				03BA225921145D92006B6B67 /* khankir pola 01.mp3 in Resources */,
				03BA225221145D92006B6B67 /* tora moira ja.mp3 in Resources */,
				03BA226421145D92006B6B67 /* rubbish.mp3 in Resources */,
				03BA21C921144AC4006B6B67 /* LaunchScreen.storyboard in Resources */,
				03BA222B21145D92006B6B67 /* tor maayer bhoda dia dhukai dimu tor mukh dia bair hoibo.mp3 in Resources */,
				03BA222821145D92006B6B67 /* TOR MA BURI SUDI.mp3 in Resources */,
				03BA222221145D92006B6B67 /* amare kuttay sudaise.mp3 in Resources */,
				03BA223821145D92006B6B67 /* tora murukkhusuda.mp3 in Resources */,
				03BA224421145D92006B6B67 /* mod khabi, magi sudbi, ok.mp3 in Resources */,
				03BA224D21145D92006B6B67 /* khubi oshobho kharap.mp3 in Resources */,
				03BA223921145D92006B6B67 /* mod khabi, magi sudbi.mp3 in Resources */,
				03BA226721145D92006B6B67 /* fokinnir suda desh.mp3 in Resources */,
				03BA225A21145D92006B6B67 /* TOR MAIRE SUDTE ASHI NAI KHANKIR POLA.mp3 in Resources */,
				03BA223A21145D92006B6B67 /* Tora shob chor.mp3 in Resources */,
				03BA225121145D92006B6B67 /* shutki khas, petni sudos.mp3 in Resources */,
				03BA224A21145D92006B6B67 /* goriber suda.mp3 in Resources */,
				03BA223021145D92006B6B67 /* nirlojjo behaya.mp3 in Resources */,
				03BA225D21145D92006B6B67 /* tui gorib suda.mp3 in Resources */,
				03BA225021145D92006B6B67 /* bhoda diya kutta diya sodai.mp3 in Resources */,
				03BA223B21145D92006B6B67 /* beshsha magi.mp3 in Resources */,
				03BA222D21145D92006B6B67 /* beshsha pola.mp3 in Resources */,
				03BA224B21145D92006B6B67 /* stupid.mp3 in Resources */,
				03BA222E21145D92006B6B67 /* love never dies.mp3 in Resources */,
				03BA224521145D92006B6B67 /* oshikhito borbor chotoloker jatera.mp3 in Resources */,
				03BA226121145D92006B6B67 /* lojja lojja lojja.mp3 in Resources */,
				03BA21C621144AC4006B6B67 /* Assets.xcassets in Resources */,
				03BA222A21145D92006B6B67 /* oke thutu maro.mp3 in Resources */,
				03BA21C121144AC3006B6B67 /* Main.storyboard in Resources */,
				03BA223321145D92006B6B67 /* TOR PUTKI TUI MAR.mp3 in Resources */,
				03BA223421145D92006B6B67 /* kutta diye sodabo.mp3 in Resources */,
				03BA226321145D92006B6B67 /* tor mayere sudi.mp3 in Resources */,
				03BA222421145D92006B6B67 /* gushti sudi.mp3 in Resources */,
				03BA223221145D92006B6B67 /* Ascended khankir pola.mp3 in Resources */,
				03BA224721145D92006B6B67 /* Shuprobhat Bangladeshe Ekhon Shuprobhat.mp3 in Resources */,
				03BA226521145D92006B6B67 /* mod khao ar magi chudo.mp3 in Resources */,
				03BA223621145D92006B6B67 /* taar putki maira disi.mp3 in Resources */,
				03BA225B21145D92006B6B67 /* love is life.mp3 in Resources */,
				03BA226021145D92006B6B67 /* TOR BOINRE TUI SOD.mp3 in Resources */,
				03BA225421145D92006B6B67 /* khanki.mp3 in Resources */,
				03BA224021145D92006B6B67 /* shubho oporanho.mp3 in Resources */,
				03BA223F21145D92006B6B67 /* I hate you.mp3 in Resources */,
				03BA226621145D92006B6B67 /* khankir pola petni sudas.mp3 in Resources */,
				03BA222521145D92006B6B67 /* tora kuttasoda.mp3 in Resources */,
				03BA225721145D92006B6B67 /* khanki magi.mp3 in Resources */,
				03BA223E21145D92006B6B67 /* Evil Laugh.mp3 in Resources */,
				03BA223D21145D92006B6B67 /* mod na khaile tor mayere sudi.mp3 in Resources */,
				03BA222621145D92006B6B67 /* mod khabo ar magi sudbo.mp3 in Resources */,
				03BA223521145D92006B6B67 /* dhormo soda.mp3 in Resources */,
				03BA226821145D92006B6B67 /* kutta diya sodaite sodaite.mp3 in Resources */,
				03BA224321145D92006B6B67 /* tor shona toh kharay na.mp3 in Resources */,
				03BA224821145D92006B6B67 /* sudi na.mp3 in Resources */,
				03BA222F21145D92006B6B67 /* khankir pola mod kha.mp3 in Resources */,
				03BA222321145D92006B6B67 /* mithuk dhokabaj.mp3 in Resources */,
			);
			runOnlyForDeploymentPostprocessing = 0;
		};
/* End PBXResourcesBuildPhase section */

/* Begin PBXShellScriptBuildPhase section */
		5BC903453BE52F1AF5EB5D74 /* [CP] Embed Pods Frameworks */ = {
			isa = PBXShellScriptBuildPhase;
			buildActionMask = 2147483647;
			files = (
			);
			inputPaths = (
				"${SRCROOT}/Pods/Target Support Files/Pods-Shefuda/Pods-Shefuda-frameworks.sh",
				"${BUILT_PRODUCTS_DIR}/SwiftySound/SwiftySound.framework",
			);
			name = "[CP] Embed Pods Frameworks";
			outputPaths = (
				"${TARGET_BUILD_DIR}/${FRAMEWORKS_FOLDER_PATH}/SwiftySound.framework",
			);
			runOnlyForDeploymentPostprocessing = 0;
			shellPath = /bin/sh;
			shellScript = "\"${SRCROOT}/Pods/Target Support Files/Pods-Shefuda/Pods-Shefuda-frameworks.sh\"\n";
			showEnvVarsInLog = 0;
		};
		F94E0D4D38892051172FC341 /* [CP] Check Pods Manifest.lock */ = {
			isa = PBXShellScriptBuildPhase;
			buildActionMask = 2147483647;
			files = (
			);
			inputPaths = (
				"${PODS_PODFILE_DIR_PATH}/Podfile.lock",
				"${PODS_ROOT}/Manifest.lock",
			);
			name = "[CP] Check Pods Manifest.lock";
			outputPaths = (
				"$(DERIVED_FILE_DIR)/Pods-Shefuda-checkManifestLockResult.txt",
			);
			runOnlyForDeploymentPostprocessing = 0;
			shellPath = /bin/sh;
			shellScript = "diff \"${PODS_PODFILE_DIR_PATH}/Podfile.lock\" \"${PODS_ROOT}/Manifest.lock\" > /dev/null\nif [ $? != 0 ] ; then\n    # print error to STDERR\n    echo \"error: The sandbox is not in sync with the Podfile.lock. Run 'pod install' or update your CocoaPods installation.\" >&2\n    exit 1\nfi\n# This output is used by Xcode 'outputs' to avoid re-running this script phase.\necho \"SUCCESS\" > \"${SCRIPT_OUTPUT_FILE_0}\"\n";
			showEnvVarsInLog = 0;
		};
/* End PBXShellScriptBuildPhase section */

/* Begin PBXSourcesBuildPhase section */
		038923C9215539BC0090A698 /* Sources */ = {
			isa = PBXSourcesBuildPhase;
			buildActionMask = 2147483647;
			files = (
				038923D0215539BD0090A698 /* ShefudaTests.swift in Sources */,
			);
			runOnlyForDeploymentPostprocessing = 0;
		};
		03BA21B421144AC3006B6B67 /* Sources */ = {
			isa = PBXSourcesBuildPhase;
			buildActionMask = 2147483647;
			files = (
				03BA21D7211455D6006B6B67 /* SoundPlayerController.swift in Sources */,
				03BA21BE21144AC3006B6B67 /* ViewController.swift in Sources */,
				03BA21D421145448006B6B67 /* SoundClipData.swift in Sources */,
				03BA21BC21144AC3006B6B67 /* AppDelegate.swift in Sources */,
				03BA21C421144AC3006B6B67 /* Shefuda.xcdatamodeld in Sources */,
			);
			runOnlyForDeploymentPostprocessing = 0;
		};
/* End PBXSourcesBuildPhase section */

/* Begin PBXTargetDependency section */
		038923D3215539BD0090A698 /* PBXTargetDependency */ = {
			isa = PBXTargetDependency;
			target = 03BA21B721144AC3006B6B67 /* Shefuda */;
			targetProxy = 038923D2215539BD0090A698 /* PBXContainerItemProxy */;
		};
/* End PBXTargetDependency section */

/* Begin PBXVariantGroup section */
		03BA21BF21144AC3006B6B67 /* Main.storyboard */ = {
			isa = PBXVariantGroup;
			children = (
				03BA21C021144AC3006B6B67 /* Base */,
			);
			name = Main.storyboard;
			sourceTree = "<group>";
		};
		03BA21C721144AC4006B6B67 /* LaunchScreen.storyboard */ = {
			isa = PBXVariantGroup;
			children = (
				03BA21C821144AC4006B6B67 /* Base */,
			);
			name = LaunchScreen.storyboard;
			sourceTree = "<group>";
		};
/* End PBXVariantGroup section */

/* Begin XCBuildConfiguration section */
		038923D4215539BD0090A698 /* Debug */ = {
			isa = XCBuildConfiguration;
			buildSettings = {
				BUNDLE_LOADER = "$(TEST_HOST)";
				CODE_SIGN_STYLE = Automatic;
				DEVELOPMENT_TEAM = "";
				INFOPLIST_FILE = ShefudaTests/Info.plist;
				IPHONEOS_DEPLOYMENT_TARGET = 12.0;
				LD_RUNPATH_SEARCH_PATHS = (
					"$(inherited)",
					"@executable_path/Frameworks",
					"@loader_path/Frameworks",
				);
				MTL_ENABLE_DEBUG_INFO = INCLUDE_SOURCE;
				MTL_FAST_MATH = YES;
				PRODUCT_BUNDLE_IDENTIFIER = shawonashraf.ShefudaTests;
				PRODUCT_NAME = "$(TARGET_NAME)";
				SWIFT_VERSION = 4.2;
				TARGETED_DEVICE_FAMILY = "1,2";
				TEST_HOST = "$(BUILT_PRODUCTS_DIR)/Shefuda.app/Shefuda";
			};
			name = Debug;
		};
		038923D5215539BD0090A698 /* Release */ = {
			isa = XCBuildConfiguration;
			buildSettings = {
				BUNDLE_LOADER = "$(TEST_HOST)";
				CODE_SIGN_STYLE = Automatic;
				DEVELOPMENT_TEAM = "";
				INFOPLIST_FILE = ShefudaTests/Info.plist;
				IPHONEOS_DEPLOYMENT_TARGET = 12.0;
				LD_RUNPATH_SEARCH_PATHS = (
					"$(inherited)",
					"@executable_path/Frameworks",
					"@loader_path/Frameworks",
				);
				MTL_FAST_MATH = YES;
				PRODUCT_BUNDLE_IDENTIFIER = shawonashraf.ShefudaTests;
				PRODUCT_NAME = "$(TARGET_NAME)";
				SWIFT_VERSION = 4.2;
				TARGETED_DEVICE_FAMILY = "1,2";
				TEST_HOST = "$(BUILT_PRODUCTS_DIR)/Shefuda.app/Shefuda";
			};
			name = Release;
		};
		03BA21CB21144AC4006B6B67 /* Debug */ = {
			isa = XCBuildConfiguration;
			buildSettings = {
				ALWAYS_SEARCH_USER_PATHS = NO;
				CLANG_ANALYZER_NONNULL = YES;
				CLANG_ANALYZER_NUMBER_OBJECT_CONVERSION = YES_AGGRESSIVE;
				CLANG_CXX_LANGUAGE_STANDARD = "gnu++14";
				CLANG_CXX_LIBRARY = "libc++";
				CLANG_ENABLE_MODULES = YES;
				CLANG_ENABLE_OBJC_ARC = YES;
				CLANG_ENABLE_OBJC_WEAK = YES;
				CLANG_WARN_BLOCK_CAPTURE_AUTORELEASING = YES;
				CLANG_WARN_BOOL_CONVERSION = YES;
				CLANG_WARN_COMMA = YES;
				CLANG_WARN_CONSTANT_CONVERSION = YES;
				CLANG_WARN_DEPRECATED_OBJC_IMPLEMENTATIONS = YES;
				CLANG_WARN_DIRECT_OBJC_ISA_USAGE = YES_ERROR;
				CLANG_WARN_DOCUMENTATION_COMMENTS = YES;
				CLANG_WARN_EMPTY_BODY = YES;
				CLANG_WARN_ENUM_CONVERSION = YES;
				CLANG_WARN_INFINITE_RECURSION = YES;
				CLANG_WARN_INT_CONVERSION = YES;
				CLANG_WARN_NON_LITERAL_NULL_CONVERSION = YES;
				CLANG_WARN_OBJC_IMPLICIT_RETAIN_SELF = YES;
				CLANG_WARN_OBJC_LITERAL_CONVERSION = YES;
				CLANG_WARN_OBJC_ROOT_CLASS = YES_ERROR;
				CLANG_WARN_RANGE_LOOP_ANALYSIS = YES;
				CLANG_WARN_STRICT_PROTOTYPES = YES;
				CLANG_WARN_SUSPICIOUS_MOVE = YES;
				CLANG_WARN_UNGUARDED_AVAILABILITY = YES_AGGRESSIVE;
				CLANG_WARN_UNREACHABLE_CODE = YES;
				CLANG_WARN__DUPLICATE_METHOD_MATCH = YES;
				CODE_SIGN_IDENTITY = "iPhone Developer";
				COPY_PHASE_STRIP = NO;
				DEBUG_INFORMATION_FORMAT = dwarf;
				ENABLE_STRICT_OBJC_MSGSEND = YES;
				ENABLE_TESTABILITY = YES;
				GCC_C_LANGUAGE_STANDARD = gnu11;
				GCC_DYNAMIC_NO_PIC = NO;
				GCC_NO_COMMON_BLOCKS = YES;
				GCC_OPTIMIZATION_LEVEL = 0;
				GCC_PREPROCESSOR_DEFINITIONS = (
					"DEBUG=1",
					"$(inherited)",
				);
				GCC_WARN_64_TO_32_BIT_CONVERSION = YES;
				GCC_WARN_ABOUT_RETURN_TYPE = YES_ERROR;
				GCC_WARN_UNDECLARED_SELECTOR = YES;
				GCC_WARN_UNINITIALIZED_AUTOS = YES_AGGRESSIVE;
				GCC_WARN_UNUSED_FUNCTION = YES;
				GCC_WARN_UNUSED_VARIABLE = YES;
				IPHONEOS_DEPLOYMENT_TARGET = 11.4;
				MTL_ENABLE_DEBUG_INFO = YES;
				ONLY_ACTIVE_ARCH = YES;
				SDKROOT = iphoneos;
				SWIFT_ACTIVE_COMPILATION_CONDITIONS = DEBUG;
				SWIFT_OPTIMIZATION_LEVEL = "-Onone";
			};
			name = Debug;
		};
		03BA21CC21144AC4006B6B67 /* Release */ = {
			isa = XCBuildConfiguration;
			buildSettings = {
				ALWAYS_SEARCH_USER_PATHS = NO;
				CLANG_ANALYZER_NONNULL = YES;
				CLANG_ANALYZER_NUMBER_OBJECT_CONVERSION = YES_AGGRESSIVE;
				CLANG_CXX_LANGUAGE_STANDARD = "gnu++14";
				CLANG_CXX_LIBRARY = "libc++";
				CLANG_ENABLE_MODULES = YES;
				CLANG_ENABLE_OBJC_ARC = YES;
				CLANG_ENABLE_OBJC_WEAK = YES;
				CLANG_WARN_BLOCK_CAPTURE_AUTORELEASING = YES;
				CLANG_WARN_BOOL_CONVERSION = YES;
				CLANG_WARN_COMMA = YES;
				CLANG_WARN_CONSTANT_CONVERSION = YES;
				CLANG_WARN_DEPRECATED_OBJC_IMPLEMENTATIONS = YES;
				CLANG_WARN_DIRECT_OBJC_ISA_USAGE = YES_ERROR;
				CLANG_WARN_DOCUMENTATION_COMMENTS = YES;
				CLANG_WARN_EMPTY_BODY = YES;
				CLANG_WARN_ENUM_CONVERSION = YES;
				CLANG_WARN_INFINITE_RECURSION = YES;
				CLANG_WARN_INT_CONVERSION = YES;
				CLANG_WARN_NON_LITERAL_NULL_CONVERSION = YES;
				CLANG_WARN_OBJC_IMPLICIT_RETAIN_SELF = YES;
				CLANG_WARN_OBJC_LITERAL_CONVERSION = YES;
				CLANG_WARN_OBJC_ROOT_CLASS = YES_ERROR;
				CLANG_WARN_RANGE_LOOP_ANALYSIS = YES;
				CLANG_WARN_STRICT_PROTOTYPES = YES;
				CLANG_WARN_SUSPICIOUS_MOVE = YES;
				CLANG_WARN_UNGUARDED_AVAILABILITY = YES_AGGRESSIVE;
				CLANG_WARN_UNREACHABLE_CODE = YES;
				CLANG_WARN__DUPLICATE_METHOD_MATCH = YES;
				CODE_SIGN_IDENTITY = "iPhone Developer";
				COPY_PHASE_STRIP = NO;
				DEBUG_INFORMATION_FORMAT = "dwarf-with-dsym";
				ENABLE_NS_ASSERTIONS = NO;
				ENABLE_STRICT_OBJC_MSGSEND = YES;
				GCC_C_LANGUAGE_STANDARD = gnu11;
				GCC_NO_COMMON_BLOCKS = YES;
				GCC_WARN_64_TO_32_BIT_CONVERSION = YES;
				GCC_WARN_ABOUT_RETURN_TYPE = YES_ERROR;
				GCC_WARN_UNDECLARED_SELECTOR = YES;
				GCC_WARN_UNINITIALIZED_AUTOS = YES_AGGRESSIVE;
				GCC_WARN_UNUSED_FUNCTION = YES;
				GCC_WARN_UNUSED_VARIABLE = YES;
				IPHONEOS_DEPLOYMENT_TARGET = 11.4;
				MTL_ENABLE_DEBUG_INFO = NO;
				SDKROOT = iphoneos;
				SWIFT_COMPILATION_MODE = wholemodule;
				SWIFT_OPTIMIZATION_LEVEL = "-O";
				VALIDATE_PRODUCT = YES;
			};
			name = Release;
		};
		03BA21CE21144AC4006B6B67 /* Debug */ = {
			isa = XCBuildConfiguration;
			baseConfigurationReference = 1D663110FCFDDB826C4ACC65 /* Pods-Shefuda.debug.xcconfig */;
			buildSettings = {
				ASSETCATALOG_COMPILER_APPICON_NAME = AppIcon;
				CODE_SIGN_IDENTITY = "iPhone Developer";
				CODE_SIGN_STYLE = Automatic;
				DEVELOPMENT_TEAM = "";
				INFOPLIST_FILE = Shefuda/Info.plist;
				IPHONEOS_DEPLOYMENT_TARGET = 11.4;
				LD_RUNPATH_SEARCH_PATHS = (
					"$(inherited)",
					"@executable_path/Frameworks",
				);
				PRODUCT_BUNDLE_IDENTIFIER = shawonashraf.Shefuda;
				PRODUCT_NAME = "$(TARGET_NAME)";
				PROVISIONING_PROFILE_SPECIFIER = "";
				SWIFT_VERSION = 4.2;
				TARGETED_DEVICE_FAMILY = "1,2";
			};
			name = Debug;
		};
		03BA21CF21144AC4006B6B67 /* Release */ = {
			isa = XCBuildConfiguration;
			baseConfigurationReference = B4A9FD43D44BF8512D28EAD8 /* Pods-Shefuda.release.xcconfig */;
			buildSettings = {
				ASSETCATALOG_COMPILER_APPICON_NAME = AppIcon;
				CODE_SIGN_IDENTITY = "iPhone Developer";
				CODE_SIGN_STYLE = Automatic;
				DEVELOPMENT_TEAM = "";
				INFOPLIST_FILE = Shefuda/Info.plist;
				IPHONEOS_DEPLOYMENT_TARGET = 11.4;
				LD_RUNPATH_SEARCH_PATHS = (
					"$(inherited)",
					"@executable_path/Frameworks",
				);
				PRODUCT_BUNDLE_IDENTIFIER = shawonashraf.Shefuda;
				PRODUCT_NAME = "$(TARGET_NAME)";
				PROVISIONING_PROFILE_SPECIFIER = "";
				SWIFT_VERSION = 4.2;
				TARGETED_DEVICE_FAMILY = "1,2";
			};
			name = Release;
		};
/* End XCBuildConfiguration section */

/* Begin XCConfigurationList section */
		038923D6215539BD0090A698 /* Build configuration list for PBXNativeTarget "ShefudaTests" */ = {
			isa = XCConfigurationList;
			buildConfigurations = (
				038923D4215539BD0090A698 /* Debug */,
				038923D5215539BD0090A698 /* Release */,
			);
			defaultConfigurationIsVisible = 0;
			defaultConfigurationName = Release;
		};
		03BA21B321144AC2006B6B67 /* Build configuration list for PBXProject "Shefuda" */ = {
			isa = XCConfigurationList;
			buildConfigurations = (
				03BA21CB21144AC4006B6B67 /* Debug */,
				03BA21CC21144AC4006B6B67 /* Release */,
			);
			defaultConfigurationIsVisible = 0;
			defaultConfigurationName = Release;
		};
		03BA21CD21144AC4006B6B67 /* Build configuration list for PBXNativeTarget "Shefuda" */ = {
			isa = XCConfigurationList;
			buildConfigurations = (
				03BA21CE21144AC4006B6B67 /* Debug */,
				03BA21CF21144AC4006B6B67 /* Release */,
			);
			defaultConfigurationIsVisible = 0;
			defaultConfigurationName = Release;
		};
/* End XCConfigurationList section */

/* Begin XCVersionGroup section */
		03BA21C221144AC3006B6B67 /* Shefuda.xcdatamodeld */ = {
			isa = XCVersionGroup;
			children = (
				03BA21C321144AC3006B6B67 /* Shefuda.xcdatamodel */,
			);
			currentVersion = 03BA21C321144AC3006B6B67 /* Shefuda.xcdatamodel */;
			path = Shefuda.xcdatamodeld;
			sourceTree = "<group>";
			versionGroupType = wrapper.xcdatamodel;
		};
/* End XCVersionGroup section */
	};
	rootObject = 03BA21B021144AC2006B6B67 /* Project object */;
}
